# @generated by Move, please check-in and do not edit manually.

[move]
version = 3
manifest_digest = "AB7CA8E28D7CAB87B2AEEEB8950C2BF5F2F5F6D6C5619EA1A05B8FA911B3D635"
deps_digest = "F8BBB0CCB2491CA29A3DF03D6F92277A4F3574266507ACD77214D37ECA3F3082"
dependencies = [
  { id = "Sui", name = "Sui" },
]

[[move.package]]
id = "MoveStdlib"
source = { git = "https://github.com/MystenLabs/sui.git", rev = "framework/testnet", subdir = "crates/sui-framework/packages/move-stdlib" }

[[move.package]]
id = "Sui"
source = { git = "https://github.com/MystenLabs/sui.git", rev = "framework/testnet", subdir = "crates/sui-framework/packages/sui-framework" }

dependencies = [
  { id = "MoveStdlib", name = "MoveStdlib" },
]

[move.toolchain-version]
compiler-version = "1.40.3"
edition = "2024.beta"
flavor = "sui"

[env]

[env.local]
chain-id = "956ca1e4"
original-published-id = "0x45970a1a80f4083fbecfc406426a082e90d5c5d15e46fe801eb7b46b6b4096d1"
latest-published-id = "0x45970a1a80f4083fbecfc406426a082e90d5c5d15e46fe801eb7b46b6b4096d1"
published-version = "1"
