# @generated by Move, please check-in and do not edit manually.

[move]
version = 3
manifest_digest = "6F68C29872F0577B65CBC18A70DF7689B91AA2AC4854AB0E0EB9A3927E85E216"
deps_digest = "F8BBB0CCB2491CA29A3DF03D6F92277A4F3574266507ACD77214D37ECA3F3082"
dependencies = [
  { id = "Sui", name = "Sui" },
]

[[move.package]]
id = "MoveStdlib"
source = { git = "https://github.com/MystenLabs/sui.git", rev = "framework/testnet", subdir = "crates/sui-framework/packages/move-stdlib" }

[[move.package]]
id = "Sui"
source = { git = "https://github.com/MystenLabs/sui.git", rev = "framework/testnet", subdir = "crates/sui-framework/packages/sui-framework" }

dependencies = [
  { id = "MoveStdlib", name = "MoveStdlib" },
]

[move.toolchain-version]
compiler-version = "1.40.3"
edition = "2024"
flavor = "sui"

[env]

[env.local]
chain-id = "71a341d4"
original-published-id = "0x8853fc63a288995107db84f270d4e3960d3063a097515e10a8be63aecd62a915"
latest-published-id = "0x8853fc63a288995107db84f270d4e3960d3063a097515e10a8be63aecd62a915"
published-version = "1"
